<?xml version="1.0" encoding="utf-8"?>
<Project ToolsVersion="4.0" xmlns="http://schemas.microsoft.com/developer/msbuild/2003">
  <ItemGroup>
    <Filter Include="99.Defines">
      <UniqueIdentifier>{2bded693-1033-4e35-ab2d-2f7f292e232a}</UniqueIdentifier>
    </Filter>
    <Filter Include="00.MainApp">
      <UniqueIdentifier>{016817f4-efd3-4ed6-ba0e-c59d21242465}</UniqueIdentifier>
    </Filter>
    <Filter Include="01.Levels">
      <UniqueIdentifier>{9927bfef-90a5-4e11-8212-cacd67d008c7}</UniqueIdentifier>
    </Filter>
    <Filter Include="01.Levels\99.Loading">
      <UniqueIdentifier>{d3df9124-96f6-4c1d-a02e-1d2d51e29c9b}</UniqueIdentifier>
    </Filter>
    <Filter Include="02.GameObjects">
      <UniqueIdentifier>{d435cd37-10c5-4f6c-a2f1-ee72504bbb59}</UniqueIdentifier>
    </Filter>
    <Filter Include="97. ShaderFiles">
      <UniqueIdentifier>{97b53119-8317-43a4-a8ee-44ae8e440ad2}</UniqueIdentifier>
    </Filter>
    <Filter Include="96. Manager">
      <UniqueIdentifier>{c37011bc-5412-406d-a7cf-28e2a3b42769}</UniqueIdentifier>
    </Filter>
    <Filter Include="96. Manager\ImGui">
      <UniqueIdentifier>{bae7db16-1d51-4a5c-a0e3-bc34069d9acd}</UniqueIdentifier>
    </Filter>
    <Filter Include="96. Manager\ImGui\Libs">
      <UniqueIdentifier>{13a1723b-7fbe-4476-8b56-eb612d652727}</UniqueIdentifier>
    </Filter>
    <Filter Include="96. Manager\ImGui\Libs\Docking">
      <UniqueIdentifier>{9f636762-d842-4778-89d0-4c71d473c2af}</UniqueIdentifier>
    </Filter>
    <Filter Include="96. Manager\Picking">
      <UniqueIdentifier>{56516b2c-83e0-46b5-8868-d80fb89ab33c}</UniqueIdentifier>
    </Filter>
    <Filter Include="02.GameObjects\00. BackGround">
      <UniqueIdentifier>{327a42a0-45f0-4b4d-b8cd-bb209baedc94}</UniqueIdentifier>
    </Filter>
    <Filter Include="02.GameObjects\99. Terrain">
      <UniqueIdentifier>{dec9bd71-23ed-45a4-8928-d0f72663a888}</UniqueIdentifier>
    </Filter>
    <Filter Include="98.Default">
      <UniqueIdentifier>{068ac4ae-308f-439b-8a7d-d5b077bfb9ee}</UniqueIdentifier>
    </Filter>
    <Filter Include="02.GameObjects\98. UI">
      <UniqueIdentifier>{906b0f1e-6358-4af4-a69c-333e75dfe3c1}</UniqueIdentifier>
    </Filter>
    <Filter Include="95. Loader">
      <UniqueIdentifier>{04c05968-cb34-4cec-89e2-639b898c25fc}</UniqueIdentifier>
    </Filter>
    <Filter Include="96. Manager\ImGui\Libs\tinyxml">
      <UniqueIdentifier>{084b0b4f-c18d-4efb-a33a-45b35f9b1a0c}</UniqueIdentifier>
    </Filter>
    <Filter Include="96. Manager\Effect">
      <UniqueIdentifier>{d6edcf70-b279-4d66-8479-906959b69f23}</UniqueIdentifier>
    </Filter>
    <Filter Include="96. Manager\Pool">
      <UniqueIdentifier>{de6e688e-9d07-4da1-8483-6dff81ae4feb}</UniqueIdentifier>
    </Filter>
    <Filter Include="96. Manager\Particle">
      <UniqueIdentifier>{218f463e-f375-46ef-81f8-a94bc6ff85bd}</UniqueIdentifier>
    </Filter>
    <Filter Include="97. ShaderFiles\Instancing">
      <UniqueIdentifier>{9dc92367-cff9-46a1-9a4d-f72d7df5ad80}</UniqueIdentifier>
    </Filter>
    <Filter Include="96. Manager\Camera">
      <UniqueIdentifier>{436a0687-4f5c-4650-8078-1041fe615530}</UniqueIdentifier>
    </Filter>
    <Filter Include="02.GameObjects\97. Camera">
      <UniqueIdentifier>{91ff704d-cfae-4d8f-8be1-b64393bcf977}</UniqueIdentifier>
    </Filter>
    <Filter Include="02.GameObjects\01. Character">
      <UniqueIdentifier>{68cce55d-7f2c-4b33-a387-09d20e080365}</UniqueIdentifier>
    </Filter>
    <Filter Include="02.GameObjects\01. Character\99. Dummy">
      <UniqueIdentifier>{3b5162f8-31c0-4401-b6d0-d22ac970a862}</UniqueIdentifier>
    </Filter>
    <Filter Include="02.GameObjects\01. Character\98.Parts">
      <UniqueIdentifier>{52f54d3c-6963-4c9f-9c46-c47469ad2a56}</UniqueIdentifier>
    </Filter>
    <Filter Include="02.GameObjects\01. Character\98.Parts\Sword">
      <UniqueIdentifier>{0b3cccce-536b-4b1e-b9fd-9467addac644}</UniqueIdentifier>
    </Filter>
    <Filter Include="02.GameObjects\02. Monster">
      <UniqueIdentifier>{978c82ce-6d25-428d-8f75-f1b25ce61559}</UniqueIdentifier>
    </Filter>
    <Filter Include="02.GameObjects\03. Effect">
      <UniqueIdentifier>{26cf5b1a-34c4-4aeb-bd80-ee795d3c6f23}</UniqueIdentifier>
    </Filter>
    <Filter Include="02.GameObjects\03. Effect\Particle">
      <UniqueIdentifier>{7e1eb069-0790-46be-8583-534eb05eb945}</UniqueIdentifier>
    </Filter>
    <Filter Include="02.GameObjects\03. Effect\Trail">
      <UniqueIdentifier>{081e52ac-0074-45fb-a979-d4251146e633}</UniqueIdentifier>
    </Filter>
    <Filter Include="02.GameObjects\03. Effect\Trail\Buffer">
      <UniqueIdentifier>{97a13059-374e-4d72-9bea-d45d78b032fa}</UniqueIdentifier>
    </Filter>
    <Filter Include="96. Manager\ImGui\Tool">
      <UniqueIdentifier>{ce8e3bb3-2df0-478c-8e14-f35cff17fff6}</UniqueIdentifier>
    </Filter>
    <Filter Include="96. Manager\ImGui\Tool\Model_Tool">
      <UniqueIdentifier>{ea1c1e75-aad9-4c8d-80f7-da133f42f00d}</UniqueIdentifier>
    </Filter>
    <Filter Include="96. Manager\ImGui\Tool\Effect_Tool">
      <UniqueIdentifier>{9f946df1-3c96-44f9-a5c0-e8a2804b8c41}</UniqueIdentifier>
    </Filter>
    <Filter Include="96. Manager\ImGui\Tool\Particle_Tool">
      <UniqueIdentifier>{7dfe63a8-1c69-4271-afea-571bb5790c7e}</UniqueIdentifier>
    </Filter>
    <Filter Include="96. Manager\ImGui\Tool\Map_Tool">
      <UniqueIdentifier>{1394af95-509f-4504-bc7d-4ec5ac602fca}</UniqueIdentifier>
    </Filter>
    <Filter Include="96. Manager\ImGui\Tool\Navigation_Tool">
      <UniqueIdentifier>{624f5d3e-0d42-427a-8823-1e1724859f25}</UniqueIdentifier>
    </Filter>
    <Filter Include="96. Manager\ImGui\Tool\Camera_Tool">
      <UniqueIdentifier>{b5b65120-830b-403b-9fd4-80e682dd9a22}</UniqueIdentifier>
    </Filter>
    <Filter Include="96. Manager\ImGui\Tool\Terrain_Tool">
      <UniqueIdentifier>{b51dac9f-edae-4968-a279-f9c48c3fa22e}</UniqueIdentifier>
    </Filter>
    <Filter Include="02.GameObjects\97. Camera\Tool">
      <UniqueIdentifier>{f5b6c010-1702-4ab3-9e08-da4fc10ab7e1}</UniqueIdentifier>
    </Filter>
    <Filter Include="02.GameObjects\97. Camera\Main">
      <UniqueIdentifier>{3cfafdf7-1f2f-410b-bbdd-71f4e9cd8969}</UniqueIdentifier>
    </Filter>
    <Filter Include="96. Manager\UI">
      <UniqueIdentifier>{7d299768-5685-4b72-87a0-b43f94011bcb}</UniqueIdentifier>
    </Filter>
    <Filter Include="01.Levels\98. Tool">
      <UniqueIdentifier>{68e03805-ac5d-4811-8d75-d88895ad5614}</UniqueIdentifier>
    </Filter>
    <Filter Include="01.Levels\97. Test">
      <UniqueIdentifier>{34038f28-6bb9-4c09-b66c-db8e65add9cf}</UniqueIdentifier>
    </Filter>
  </ItemGroup>
  <ItemGroup>
    <Text Include="ReadMe.txt" />
  </ItemGroup>
  <ItemGroup>
    <ClInclude Include="Client.h">
      <Filter>98.Default</Filter>
    </ClInclude>
    <ClInclude Include="Resource.h">
      <Filter>98.Default</Filter>
    </ClInclude>
    <ClInclude Include="stdafx.h">
      <Filter>98.Default</Filter>
    </ClInclude>
    <ClInclude Include="targetver.h">
      <Filter>98.Default</Filter>
    </ClInclude>
    <ClInclude Include="..\public\MainApp.h">
      <Filter>00.MainApp</Filter>
    </ClInclude>
    <ClInclude Include="..\Public\Client_Defines.h">
      <Filter>99.Defines</Filter>
    </ClInclude>
    <ClInclude Include="..\Public\Level_Loading.h">
      <Filter>01.Levels\99.Loading</Filter>
    </ClInclude>
    <ClInclude Include="..\public\Loader.h">
      <Filter>95. Loader</Filter>
    </ClInclude>
    <ClInclude Include="..\public\BackGround.h">
      <Filter>02.GameObjects\00. BackGround</Filter>
    </ClInclude>
    <ClInclude Include="..\Public\ImGui_Manager.h">
      <Filter>96. Manager\ImGui</Filter>
    </ClInclude>
    <ClInclude Include="..\Public\Level_Tool.h">
      <Filter>01.Levels\98. Tool</Filter>
    </ClInclude>
    <ClInclude Include="..\Public\Character.h">
      <Filter>02.GameObjects\01. Character</Filter>
    </ClInclude>
    <ClInclude Include="..\Public\Dummy.h">
      <Filter>02.GameObjects\01. Character\99. Dummy</Filter>
    </ClInclude>
    <ClInclude Include="..\Public\Terrain.h">
      <Filter>02.GameObjects\99. Terrain</Filter>
    </ClInclude>
    <ClInclude Include="..\..\ThirdParty\imconfig.h">
      <Filter>96. Manager\ImGui\Libs\Docking</Filter>
    </ClInclude>
    <ClInclude Include="..\..\ThirdParty\imgui.h">
      <Filter>96. Manager\ImGui\Libs\Docking</Filter>
    </ClInclude>
    <ClInclude Include="..\..\ThirdParty\imgui_impl_dx11.h">
      <Filter>96. Manager\ImGui\Libs\Docking</Filter>
    </ClInclude>
    <ClInclude Include="..\..\ThirdParty\imgui_impl_win32.h">
      <Filter>96. Manager\ImGui\Libs\Docking</Filter>
    </ClInclude>
    <ClInclude Include="..\..\ThirdParty\imgui_internal.h">
      <Filter>96. Manager\ImGui\Libs\Docking</Filter>
    </ClInclude>
    <ClInclude Include="..\..\ThirdParty\imgui_stdlib.h">
      <Filter>96. Manager\ImGui\Libs\Docking</Filter>
    </ClInclude>
    <ClInclude Include="..\..\ThirdParty\imstb_rectpack.h">
      <Filter>96. Manager\ImGui\Libs\Docking</Filter>
    </ClInclude>
    <ClInclude Include="..\..\ThirdParty\imstb_textedit.h">
      <Filter>96. Manager\ImGui\Libs\Docking</Filter>
    </ClInclude>
    <ClInclude Include="..\..\ThirdParty\imstb_truetype.h">
      <Filter>96. Manager\ImGui\Libs\Docking</Filter>
    </ClInclude>
    <ClInclude Include="..\Public\Effect.h">
      <Filter>02.GameObjects\03. Effect</Filter>
    </ClInclude>
    <ClInclude Include="..\Public\Picking_Manager.h">
      <Filter>96. Manager\Picking</Filter>
    </ClInclude>
    <ClInclude Include="..\Public\UI.h">
      <Filter>02.GameObjects\98. UI</Filter>
    </ClInclude>
    <ClInclude Include="..\Public\Part.h">
      <Filter>02.GameObjects\01. Character\98.Parts</Filter>
    </ClInclude>
    <ClInclude Include="..\Public\tinyxml2.h">
      <Filter>96. Manager\ImGui\Libs\tinyxml</Filter>
    </ClInclude>
    <ClInclude Include="..\Public\Monster.h">
      <Filter>02.GameObjects\02. Monster</Filter>
    </ClInclude>
    <ClInclude Include="..\Public\Effect_Manager.h">
      <Filter>96. Manager\Effect</Filter>
    </ClInclude>
    <ClInclude Include="..\Public\Pool.h">
      <Filter>96. Manager\Pool</Filter>
    </ClInclude>
    <ClInclude Include="..\Public\Sword.h">
      <Filter>02.GameObjects\01. Character\98.Parts\Sword</Filter>
    </ClInclude>
    <ClInclude Include="..\Public\Particle_Manager.h">
      <Filter>96. Manager\Particle</Filter>
    </ClInclude>
    <ClInclude Include="..\Public\Particle.h">
      <Filter>02.GameObjects\03. Effect\Particle</Filter>
    </ClInclude>
    <ClInclude Include="..\Public\VIBuffer_Trail.h">
      <Filter>02.GameObjects\03. Effect\Trail\Buffer</Filter>
    </ClInclude>
    <ClInclude Include="..\Public\Trail.h">
      <Filter>02.GameObjects\03. Effect\Trail</Filter>
    </ClInclude>
    <ClInclude Include="..\Public\Camera_Manager.h">
      <Filter>96. Manager\Camera</Filter>
    </ClInclude>
    <ClInclude Include="..\Public\Tool.h">
      <Filter>96. Manager\ImGui\Tool</Filter>
    </ClInclude>
    <ClInclude Include="..\Public\Tool_Model.h">
      <Filter>96. Manager\ImGui\Tool\Model_Tool</Filter>
    </ClInclude>
    <ClInclude Include="..\Public\Tool_Effect.h">
      <Filter>96. Manager\ImGui\Tool\Effect_Tool</Filter>
    </ClInclude>
    <ClInclude Include="..\Public\Camera_Tool.h">
      <Filter>96. Manager\ImGui\Tool\Camera_Tool</Filter>
    </ClInclude>
    <ClInclude Include="..\Public\Tool_Map.h">
      <Filter>96. Manager\ImGui\Tool\Map_Tool</Filter>
    </ClInclude>
    <ClInclude Include="..\Public\Tool_Navigation.h">
      <Filter>96. Manager\ImGui\Tool\Navigation_Tool</Filter>
    </ClInclude>
    <ClInclude Include="..\Public\Tool_Particle.h">
      <Filter>96. Manager\ImGui\Tool\Particle_Tool</Filter>
    </ClInclude>
    <ClInclude Include="..\Public\Tool_Terrain.h">
      <Filter>96. Manager\ImGui\Tool\Terrain_Tool</Filter>
    </ClInclude>
    <ClInclude Include="..\Public\Camera_Tool.h">
      <Filter>02.GameObjects\97. Camera\Tool</Filter>
    </ClInclude>
    <ClInclude Include="..\Public\Camera_Main.h">
      <Filter>02.GameObjects\97. Camera\Main</Filter>
    </ClInclude>
    <ClInclude Include="..\Public\Tool_Camera.h">
      <Filter>96. Manager\ImGui\Tool\Camera_Tool</Filter>
    </ClInclude>
    <ClInclude Include="..\Public\UI_Manager.h">
      <Filter>96. Manager\UI</Filter>
    </ClInclude>
    <ClInclude Include="..\Public\Level_Test.h">
      <Filter>01.Levels\97. Test</Filter>
    </ClInclude>
  </ItemGroup>
  <ItemGroup>
    <ClCompile Include="Client.cpp">
      <Filter>98.Default</Filter>
    </ClCompile>
    <ClCompile Include="stdafx.cpp">
      <Filter>98.Default</Filter>
    </ClCompile>
    <ClCompile Include="..\private\MainApp.cpp">
      <Filter>00.MainApp</Filter>
    </ClCompile>
    <ClCompile Include="..\Private\Level_Loading.cpp">
      <Filter>01.Levels\99.Loading</Filter>
    </ClCompile>
    <ClCompile Include="..\private\Loader.cpp">
      <Filter>95. Loader</Filter>
    </ClCompile>
    <ClCompile Include="..\private\BackGround.cpp">
      <Filter>02.GameObjects\00. BackGround</Filter>
    </ClCompile>
    <ClCompile Include="..\Private\ImGui_Manager.cpp">
      <Filter>96. Manager\ImGui</Filter>
    </ClCompile>
    <ClCompile Include="..\Private\Level_Tool.cpp">
      <Filter>01.Levels\98. Tool</Filter>
    </ClCompile>
    <ClCompile Include="..\Private\Character.cpp">
      <Filter>02.GameObjects\01. Character</Filter>
    </ClCompile>
    <ClCompile Include="..\Private\Dummy.cpp">
      <Filter>02.GameObjects\01. Character\99. Dummy</Filter>
    </ClCompile>
    <ClCompile Include="..\Private\Terrain.cpp">
      <Filter>02.GameObjects\99. Terrain</Filter>
    </ClCompile>
    <ClCompile Include="..\..\ThirdParty\imgui.cpp">
      <Filter>96. Manager\ImGui\Libs\Docking</Filter>
    </ClCompile>
    <ClCompile Include="..\..\ThirdParty\imgui_demo.cpp">
      <Filter>96. Manager\ImGui\Libs\Docking</Filter>
    </ClCompile>
    <ClCompile Include="..\..\ThirdParty\imgui_draw.cpp">
      <Filter>96. Manager\ImGui\Libs\Docking</Filter>
    </ClCompile>
    <ClCompile Include="..\..\ThirdParty\imgui_impl_dx11.cpp">
      <Filter>96. Manager\ImGui\Libs\Docking</Filter>
    </ClCompile>
    <ClCompile Include="..\..\ThirdParty\imgui_impl_win32.cpp">
      <Filter>96. Manager\ImGui\Libs\Docking</Filter>
    </ClCompile>
    <ClCompile Include="..\..\ThirdParty\imgui_stdlib.cpp">
      <Filter>96. Manager\ImGui\Libs\Docking</Filter>
    </ClCompile>
    <ClCompile Include="..\..\ThirdParty\imgui_tables.cpp">
      <Filter>96. Manager\ImGui\Libs\Docking</Filter>
    </ClCompile>
    <ClCompile Include="..\..\ThirdParty\imgui_widgets.cpp">
      <Filter>96. Manager\ImGui\Libs\Docking</Filter>
    </ClCompile>
    <ClCompile Include="..\Private\Effect.cpp">
      <Filter>02.GameObjects\03. Effect</Filter>
    </ClCompile>
    <ClCompile Include="..\Private\Picking_Manager.cpp">
      <Filter>96. Manager\Picking</Filter>
    </ClCompile>
    <ClCompile Include="..\Private\Part.cpp">
      <Filter>02.GameObjects\01. Character\98.Parts</Filter>
    </ClCompile>
    <ClCompile Include="..\Private\Sword.cpp">
      <Filter>02.GameObjects\01. Character\98.Parts\Sword</Filter>
    </ClCompile>
    <ClCompile Include="..\Private\tinyxml2.cpp">
      <Filter>96. Manager\ImGui\Libs\tinyxml</Filter>
    </ClCompile>
    <ClCompile Include="..\Private\UI.cpp">
      <Filter>02.GameObjects\98. UI</Filter>
    </ClCompile>
    <ClCompile Include="..\Private\Monster.cpp">
      <Filter>02.GameObjects\02. Monster</Filter>
    </ClCompile>
    <ClCompile Include="..\Private\Effect_Manager.cpp">
      <Filter>96. Manager\Effect</Filter>
    </ClCompile>
    <ClCompile Include="..\Private\Pool.cpp">
      <Filter>96. Manager\Pool</Filter>
    </ClCompile>
    <ClCompile Include="..\Private\Particle_Manager.cpp">
      <Filter>96. Manager\Particle</Filter>
    </ClCompile>
    <ClCompile Include="..\Private\Particle.cpp">
      <Filter>02.GameObjects\03. Effect\Particle</Filter>
    </ClCompile>
    <ClCompile Include="..\Private\VIBuffer_Trail.cpp">
      <Filter>02.GameObjects\03. Effect\Trail\Buffer</Filter>
    </ClCompile>
    <ClCompile Include="..\Private\Trail.cpp">
      <Filter>02.GameObjects\03. Effect\Trail</Filter>
    </ClCompile>
    <ClCompile Include="..\Private\Camera_Manager.cpp">
      <Filter>96. Manager\Camera</Filter>
    </ClCompile>
    <ClCompile Include="..\Private\Tool.cpp">
      <Filter>96. Manager\ImGui\Tool</Filter>
    </ClCompile>
    <ClCompile Include="..\Private\Tool_Model.cpp">
      <Filter>96. Manager\ImGui\Tool\Model_Tool</Filter>
    </ClCompile>
    <ClCompile Include="..\Private\Tool_Effect.cpp">
      <Filter>96. Manager\ImGui\Tool\Effect_Tool</Filter>
    </ClCompile>
    <ClCompile Include="..\Private\Camera_Tool.cpp">
      <Filter>96. Manager\ImGui\Tool\Camera_Tool</Filter>
    </ClCompile>
    <ClCompile Include="..\Private\Tool_Map.cpp">
      <Filter>96. Manager\ImGui\Tool\Map_Tool</Filter>
    </ClCompile>
    <ClCompile Include="..\Private\Tool_Navigation.cpp">
      <Filter>96. Manager\ImGui\Tool\Navigation_Tool</Filter>
    </ClCompile>
    <ClCompile Include="..\Private\Tool_Particle.cpp">
      <Filter>96. Manager\ImGui\Tool\Particle_Tool</Filter>
    </ClCompile>
    <ClCompile Include="..\Private\Tool_Terrain.cpp">
      <Filter>96. Manager\ImGui\Tool\Terrain_Tool</Filter>
    </ClCompile>
    <ClCompile Include="..\Private\Camera_Tool.cpp">
      <Filter>02.GameObjects\97. Camera\Tool</Filter>
    </ClCompile>
    <ClCompile Include="..\Private\Camera_Main.cpp">
      <Filter>02.GameObjects\97. Camera\Main</Filter>
    </ClCompile>
    <ClCompile Include="..\Private\Tool_Camera.cpp">
      <Filter>96. Manager\ImGui\Tool\Camera_Tool</Filter>
    </ClCompile>
    <ClCompile Include="..\Private\UI_Manager.cpp">
      <Filter>96. Manager\UI</Filter>
    </ClCompile>
    <ClCompile Include="..\Private\Level_Test.cpp">
      <Filter>01.Levels\97. Test</Filter>
    </ClCompile>
  </ItemGroup>
  <ItemGroup>
    <Image Include="Client.ico">
      <Filter>98.Default</Filter>
    </Image>
    <Image Include="small.ico">
      <Filter>98.Default</Filter>
    </Image>
  </ItemGroup>
  <ItemGroup>
    <ResourceCompile Include="Client.rc">
      <Filter>98.Default</Filter>
    </ResourceCompile>
  </ItemGroup>
  <ItemGroup>
    <FxCompile Include="..\Bin\ShaderFiles\Shader_AnimModel.hlsl">
      <Filter>97. ShaderFiles</Filter>
    </FxCompile>
    <FxCompile Include="..\Bin\ShaderFiles\Shader_VtxCubeTex.hlsl">
      <Filter>97. ShaderFiles</Filter>
    </FxCompile>
    <FxCompile Include="..\Bin\ShaderFiles\Shader_Model.hlsl">
      <Filter>97. ShaderFiles</Filter>
    </FxCompile>
    <FxCompile Include="..\Bin\ShaderFiles\Shader_VtxNorTex.hlsl">
      <Filter>97. ShaderFiles</Filter>
    </FxCompile>
    <FxCompile Include="..\Bin\ShaderFiles\Shader_VtxTex.hlsl">
      <Filter>97. ShaderFiles</Filter>
    </FxCompile>
    <FxCompile Include="..\Bin\ShaderFiles\Shader_UI.hlsl">
      <Filter>97. ShaderFiles</Filter>
    </FxCompile>
    <FxCompile Include="..\Bin\ShaderFiles\Shader_Trail.hlsl">
      <Filter>97. ShaderFiles</Filter>
    </FxCompile>
    <FxCompile Include="..\Bin\ShaderFiles\Shader_Rect_Instance.hlsl">
      <Filter>97. ShaderFiles\Instancing</Filter>
    </FxCompile>
    <FxCompile Include="..\Bin\ShaderFiles\Shader_Model_Instance.hlsl">
      <Filter>97. ShaderFiles\Instancing</Filter>
    </FxCompile>
    <FxCompile Include="..\Bin\ShaderFiles\Shader_MeshEffect_Instance.hlsl">
      <Filter>97. ShaderFiles\Instancing</Filter>
    </FxCompile>
    <FxCompile Include="..\Bin\ShaderFiles\Shader_TextureEffect_Instance.hlsl">
      <Filter>97. ShaderFiles\Instancing</Filter>
    </FxCompile>
  </ItemGroup>
</Project>